
Microsoft Visual Studio Solution File, Format Version 12.00
# Visual Studio Version 17
VisualStudioVersion = 17.0.32126.317
MinimumVisualStudioVersion = 10.0.40219.1
Project("{FAE04EC0-301F-11D3-BF4B-00C04F79EFBC}") = "DemoProject.API", "DemoProject.API\DemoProject.API.csproj", "{31606B67-2754-4372-A38C-48E40FEB7815}"
EndProject
Global
	GlobalSection(SolutionConfigurationPlatforms) = preSolution
		Debug|Any CPU = Debug|Any CPU
		Release|Any CPU = Release|Any CPU
	EndGlobalSection
	GlobalSection(ProjectConfigurationPlatforms) = postSolution
		{31606B67-2754-4372-A38C-48E40FEB7815}.Debug|Any CPU.ActiveCfg = Debug|Any CPU
		{31606B67-2754-4372-A38C-48E40FEB7815}.Debug|Any CPU.Build.0 = Debug|Any CPU
		{31606B67-2754-4372-A38C-48E40FEB7815}.Release|Any CPU.ActiveCfg = Release|Any CPU
		{31606B67-2754-4372-A38C-48E40FEB7815}.Release|Any CPU.Build.0 = Release|Any CPU
	EndGlobalSection
	GlobalSection(SolutionProperties) = preSolution
		HideSolutionNode = FALSE
	EndGlobalSection
	GlobalSection(ExtensibilityGlobals) = postSolution
		SolutionGuid = {8EDF18BE-2AA2-4A28-AD8D-65ED944ACD82}
	EndGlobalSection
EndGlobal
